Microsoft Visual Studio Solution File, Format Version 12.00
# Visual Studio Version 17
VisualStudioVersion = 17.5.2.0
MinimumVisualStudioVersion = 10.0.40219.1
Project("{FAE04EC0-301F-11D3-BF4B-00C04F79EFBC}") = "BookSaw", "BookSaw.csproj", "{92D18DAF-568D-EA9B-6E5F-8B6E81B2C586}"
EndProject
Global
	GlobalSection(SolutionConfigurationPlatforms) = preSolution
		Debug|Any CPU = Debug|Any CPU
		Release|Any CPU = Release|Any CPU
	EndGlobalSection
	GlobalSection(ProjectConfigurationPlatforms) = postSolution
		{92D18DAF-568D-EA9B-6E5F-8B6E81B2C586}.Debug|Any CPU.ActiveCfg = Debug|Any CPU
		{92D18DAF-568D-EA9B-6E5F-8B6E81B2C586}.Debug|Any CPU.Build.0 = Debug|Any CPU
		{92D18DAF-568D-EA9B-6E5F-8B6E81B2C586}.Release|Any CPU.ActiveCfg = Release|Any CPU
		{92D18DAF-568D-EA9B-6E5F-8B6E81B2C586}.Release|Any CPU.Build.0 = Release|Any CPU
	EndGlobalSection
	GlobalSection(SolutionProperties) = preSolution
		HideSolutionNode = FALSE
	EndGlobalSection
	GlobalSection(ExtensibilityGlobals) = postSolution
		SolutionGuid = {1E2BAB7C-5F29-4D21-9366-51A9D526B245}
	EndGlobalSection
EndGlobal
